{
  "nodes": {
    "nixpkgs": {
      "locked": {
        "lastModified": 1785454630,
        "narHash": "sha256-LQy14TZp77TwbQf40gg1V3jo8FwJG0jGDkAH+zRHqg8=",
        "owner": "NixOS",
        "repo": "nixpkgs",
        "rev": "1559d3daa3ecc813a650b79375ea61b6741b8746",
        "type": "github"
      },
      "original": {
        "owner": "NixOS",
        "ref": "nixos-unstable",
        "repo": "nixpkgs",
        "type": "github"
      }
    },
    "root": {
      "inputs": {
        "nixpkgs": "nixpkgs",
        "rust-overlay": "rust-overlay",
        "vidya": "vidya"
      }
    },
    "rust-overlay": {
      "inputs": {
        "nixpkgs": [
          "nixpkgs"
        ]
      },
      "locked": {
        "lastModified": 1785736145,
        "narHash": "sha256-DauSP0ACycrq3MEEmDz/Scsxhs9TPBTexwKbTuE8Bw8=",
        "owner": "oxalica",
        "repo": "rust-overlay",
        "rev": "292249772330735cb32b90dedf44feddec40e7d0",
        "type": "github"
      },
      "original": {
        "owner": "oxalica",
        "repo": "rust-overlay",
        "type": "github"
      }
    },
    "vidya": {
      "flake": false,
      "locked": {
        "lastModified": 1786105816,
        "narHash": "sha256-hs4oHwnNO1icb7ZqotXrRkKBPg9ZzqEGG5dfvxcRtG8=",
        "ref": "refs/heads/main",
        "rev": "a180af5434d7a9fca5699c49548b45a4acb18c54",
        "revCount": 24,
        "type": "git",
        "url": "https://tangled.org/nandi.uk/vidya"
      },
      "original": {
        "type": "git",
        "url": "https://tangled.org/nandi.uk/vidya"
      }
    }
  },
  "root": "root",
  "version": 7
}
